// !$*UTF8*$!
{
	archiveVersion = 1;
	classes = {
	};
	objectVersion = 55;
	objects = {

/* Begin PBXBuildFile section */
		003CF45427FAF78F00D7CDF7 /* GoogleService-Info.plist in Resources */ = {isa = PBXBuildFile; fileRef = 003CF45327FAF78F00D7CDF7 /* GoogleService-Info.plist */; };
		003CF45727FAFCF400D7CDF7 /* FirebaseAuth in Frameworks */ = {isa = PBXBuildFile; productRef = 003CF45627FAFCF400D7CDF7 /* FirebaseAuth */; };
		003CF45927FAFCF400D7CDF7 /* FirebaseFirestoreSwift-Beta in Frameworks */ = {isa = PBXBuildFile; productRef = 003CF45827FAFCF400D7CDF7 /* FirebaseFirestoreSwift-Beta */; };
		003CF45B27FAFCF400D7CDF7 /* FirebaseStorage in Frameworks */ = {isa = PBXBuildFile; productRef = 003CF45A27FAFCF400D7CDF7 /* FirebaseStorage */; };
		003CF45D27FAFE8300D7CDF7 /* AuthViewModel.swift in Sources */ = {isa = PBXBuildFile; fileRef = 003CF45C27FAFE8300D7CDF7 /* AuthViewModel.swift */; };
		003CF45F27FB096100D7CDF7 /* ProfilePhotoSelectorView.swift in Sources */ = {isa = PBXBuildFile; fileRef = 003CF45E27FB096100D7CDF7 /* ProfilePhotoSelectorView.swift */; };
		0064862E27F59081000EE8FF /* TwitterCloneApp.swift in Sources */ = {isa = PBXBuildFile; fileRef = 0064862D27F59081000EE8FF /* TwitterCloneApp.swift */; };
		0064863027F59081000EE8FF /* ContentView.swift in Sources */ = {isa = PBXBuildFile; fileRef = 0064862F27F59081000EE8FF /* ContentView.swift */; };
		0064863227F59083000EE8FF /* Assets.xcassets in Resources */ = {isa = PBXBuildFile; fileRef = 0064863127F59083000EE8FF /* Assets.xcassets */; };
		0064863527F59083000EE8FF /* Preview Assets.xcassets in Resources */ = {isa = PBXBuildFile; fileRef = 0064863427F59083000EE8FF /* Preview Assets.xcassets */; };
		0064864527F590FD000EE8FF /* TweetRowView.swift in Sources */ = {isa = PBXBuildFile; fileRef = 0064864427F590FD000EE8FF /* TweetRowView.swift */; };
		0064864727F5918D000EE8FF /* FeedView.swift in Sources */ = {isa = PBXBuildFile; fileRef = 0064864627F5918D000EE8FF /* FeedView.swift */; };
		0064864A27F595A6000EE8FF /* MainTabView.swift in Sources */ = {isa = PBXBuildFile; fileRef = 0064864927F595A6000EE8FF /* MainTabView.swift */; };
		0064865027F5965A000EE8FF /* ExploreView.swift in Sources */ = {isa = PBXBuildFile; fileRef = 0064864F27F5965A000EE8FF /* ExploreView.swift */; };
		0064865227F59670000EE8FF /* NotificationsView.swift in Sources */ = {isa = PBXBuildFile; fileRef = 0064865127F59670000EE8FF /* NotificationsView.swift */; };
		0064865427F5967E000EE8FF /* MessagesView.swift in Sources */ = {isa = PBXBuildFile; fileRef = 0064865327F5967E000EE8FF /* MessagesView.swift */; };
		0064865827F59733000EE8FF /* ProfileView.swift in Sources */ = {isa = PBXBuildFile; fileRef = 0064865727F59733000EE8FF /* ProfileView.swift */; };
		0064865A27F59C90000EE8FF /* TweetFilterViewModel.swift in Sources */ = {isa = PBXBuildFile; fileRef = 0064865927F59C90000EE8FF /* TweetFilterViewModel.swift */; };
		00702F5D27F5A1730000AE78 /* UserRowView.swift in Sources */ = {isa = PBXBuildFile; fileRef = 00702F5C27F5A1730000AE78 /* UserRowView.swift */; };
		00702F6227F5A3F40000AE78 /* SideMenuView.swift in Sources */ = {isa = PBXBuildFile; fileRef = 00702F6127F5A3F40000AE78 /* SideMenuView.swift */; };
		00702F6427F5A4000000AE78 /* SideMenuRowView.swift in Sources */ = {isa = PBXBuildFile; fileRef = 00702F6327F5A4000000AE78 /* SideMenuRowView.swift */; };
		00702F6627F5A4140000AE78 /* SideMenuViewModel.swift in Sources */ = {isa = PBXBuildFile; fileRef = 00702F6527F5A4140000AE78 /* SideMenuViewModel.swift */; };
		00702F6827F5A58A0000AE78 /* UserStatsView.swift in Sources */ = {isa = PBXBuildFile; fileRef = 00702F6727F5A58A0000AE78 /* UserStatsView.swift */; };
		0076777727FC3A2100B42A9B /* ImagePicker.swift in Sources */ = {isa = PBXBuildFile; fileRef = 0076777627FC3A2100B42A9B /* ImagePicker.swift */; };
		0076777B27FC418700B42A9B /* ImageManager.swift in Sources */ = {isa = PBXBuildFile; fileRef = 0076777A27FC418700B42A9B /* ImageManager.swift */; };
		0076777D27FC4B6300B42A9B /* UserService.swift in Sources */ = {isa = PBXBuildFile; fileRef = 0076777C27FC4B6300B42A9B /* UserService.swift */; };
		0076777F27FC4CF100B42A9B /* User.swift in Sources */ = {isa = PBXBuildFile; fileRef = 0076777E27FC4CF100B42A9B /* User.swift */; };
		009BADF727FDA15F007C031D /* TweetService.swift in Sources */ = {isa = PBXBuildFile; fileRef = 009BADF627FDA15F007C031D /* TweetService.swift */; };
		009BADF927FDA27F007C031D /* UploadTweetViewModel.swift in Sources */ = {isa = PBXBuildFile; fileRef = 009BADF827FDA27F007C031D /* UploadTweetViewModel.swift */; };
		009BADFB27FDA534007C031D /* FeedViewModel.swift in Sources */ = {isa = PBXBuildFile; fileRef = 009BADFA27FDA534007C031D /* FeedViewModel.swift */; };
		009BADFD27FDA625007C031D /* Tweet.swift in Sources */ = {isa = PBXBuildFile; fileRef = 009BADFC27FDA625007C031D /* Tweet.swift */; };
		00AB0C65280042C3003B7A39 /* ProfileViewModel.swift in Sources */ = {isa = PBXBuildFile; fileRef = 00AB0C64280042C3003B7A39 /* ProfileViewModel.swift */; };
		00BBADD627F6ED90007EF5C1 /* NewTweetView.swift in Sources */ = {isa = PBXBuildFile; fileRef = 00BBADD527F6ED90007EF5C1 /* NewTweetView.swift */; };
		00BBADD827F6EE66007EF5C1 /* TextArea.swift in Sources */ = {isa = PBXBuildFile; fileRef = 00BBADD727F6EE66007EF5C1 /* TextArea.swift */; };
		00BBADDD27F6F108007EF5C1 /* LoginView.swift in Sources */ = {isa = PBXBuildFile; fileRef = 00BBADDC27F6F108007EF5C1 /* LoginView.swift */; };
		00BBADDF27F6F10F007EF5C1 /* RegistrationView.swift in Sources */ = {isa = PBXBuildFile; fileRef = 00BBADDE27F6F10F007EF5C1 /* RegistrationView.swift */; };
		00BBADE127F6F28B007EF5C1 /* RoundedShape.swift in Sources */ = {isa = PBXBuildFile; fileRef = 00BBADE027F6F28B007EF5C1 /* RoundedShape.swift */; };
		00BBADE327F6F753007EF5C1 /* TwitterTextField.swift in Sources */ = {isa = PBXBuildFile; fileRef = 00BBADE227F6F753007EF5C1 /* TwitterTextField.swift */; };
		00BBADE627F6F919007EF5C1 /* AuthenticationHeaderView.swift in Sources */ = {isa = PBXBuildFile; fileRef = 00BBADE527F6F919007EF5C1 /* AuthenticationHeaderView.swift */; };
		00BDF40927FD99E300DD1BAC /* ExploreViewModel.swift in Sources */ = {isa = PBXBuildFile; fileRef = 00BDF40827FD99E300DD1BAC /* ExploreViewModel.swift */; };
		00BDF40B27FD9C5900DD1BAC /* SearchBar.swift in Sources */ = {isa = PBXBuildFile; fileRef = 00BDF40A27FD9C5900DD1BAC /* SearchBar.swift */; };
/* End PBXBuildFile section */

/* Begin PBXFileReference section */
		003CF45327FAF78F00D7CDF7 /* GoogleService-Info.plist */ = {isa = PBXFileReference; fileEncoding = 4; lastKnownFileType = text.plist.xml; path = "GoogleService-Info.plist"; sourceTree = "<group>"; };
		003CF45C27FAFE8300D7CDF7 /* AuthViewModel.swift */ = {isa = PBXFileReference; lastKnownFileType = sourcecode.swift; path = AuthViewModel.swift; sourceTree = "<group>"; };
		003CF45E27FB096100D7CDF7 /* ProfilePhotoSelectorView.swift */ = {isa = PBXFileReference; lastKnownFileType = sourcecode.swift; path = ProfilePhotoSelectorView.swift; sourceTree = "<group>"; };
		0064862A27F59081000EE8FF /* TwitterClone.app */ = {isa = PBXFileReference; explicitFileType = wrapper.application; includeInIndex = 0; path = TwitterClone.app; sourceTree = BUILT_PRODUCTS_DIR; };
		0064862D27F59081000EE8FF /* TwitterCloneApp.swift */ = {isa = PBXFileReference; lastKnownFileType = sourcecode.swift; path = TwitterCloneApp.swift; sourceTree = "<group>"; };
		0064862F27F59081000EE8FF /* ContentView.swift */ = {isa = PBXFileReference; lastKnownFileType = sourcecode.swift; path = ContentView.swift; sourceTree = "<group>"; };
		0064863127F59083000EE8FF /* Assets.xcassets */ = {isa = PBXFileReference; lastKnownFileType = folder.assetcatalog; path = Assets.xcassets; sourceTree = "<group>"; };
		0064863427F59083000EE8FF /* Preview Assets.xcassets */ = {isa = PBXFileReference; lastKnownFileType = folder.assetcatalog; path = "Preview Assets.xcassets"; sourceTree = "<group>"; };
		0064864427F590FD000EE8FF /* TweetRowView.swift */ = {isa = PBXFileReference; lastKnownFileType = sourcecode.swift; path = TweetRowView.swift; sourceTree = "<group>"; };
		0064864627F5918D000EE8FF /* FeedView.swift */ = {isa = PBXFileReference; lastKnownFileType = sourcecode.swift; path = FeedView.swift; sourceTree = "<group>"; };
		0064864927F595A6000EE8FF /* MainTabView.swift */ = {isa = PBXFileReference; lastKnownFileType = sourcecode.swift; path = MainTabView.swift; sourceTree = "<group>"; };
		0064864F27F5965A000EE8FF /* ExploreView.swift */ = {isa = PBXFileReference; lastKnownFileType = sourcecode.swift; path = ExploreView.swift; sourceTree = "<group>"; };
		0064865127F59670000EE8FF /* NotificationsView.swift */ = {isa = PBXFileReference; lastKnownFileType = sourcecode.swift; path = NotificationsView.swift; sourceTree = "<group>"; };
		0064865327F5967E000EE8FF /* MessagesView.swift */ = {isa = PBXFileReference; lastKnownFileType = sourcecode.swift; path = MessagesView.swift; sourceTree = "<group>"; };
		0064865727F59733000EE8FF /* ProfileView.swift */ = {isa = PBXFileReference; lastKnownFileType = sourcecode.swift; path = ProfileView.swift; sourceTree = "<group>"; };
		0064865927F59C90000EE8FF /* TweetFilterViewModel.swift */ = {isa = PBXFileReference; lastKnownFileType = sourcecode.swift; path = TweetFilterViewModel.swift; sourceTree = "<group>"; };
		00702F5C27F5A1730000AE78 /* UserRowView.swift */ = {isa = PBXFileReference; lastKnownFileType = sourcecode.swift; path = UserRowView.swift; sourceTree = "<group>"; };
		00702F6127F5A3F40000AE78 /* SideMenuView.swift */ = {isa = PBXFileReference; lastKnownFileType = sourcecode.swift; path = SideMenuView.swift; sourceTree = "<group>"; };
		00702F6327F5A4000000AE78 /* SideMenuRowView.swift */ = {isa = PBXFileReference; lastKnownFileType = sourcecode.swift; path = SideMenuRowView.swift; sourceTree = "<group>"; };
		00702F6527F5A4140000AE78 /* SideMenuViewModel.swift */ = {isa = PBXFileReference; lastKnownFileType = sourcecode.swift; path = SideMenuViewModel.swift; sourceTree = "<group>"; };
		00702F6727F5A58A0000AE78 /* UserStatsView.swift */ = {isa = PBXFileReference; lastKnownFileType = sourcecode.swift; path = UserStatsView.swift; sourceTree = "<group>"; };
		0076777627FC3A2100B42A9B /* ImagePicker.swift */ = {isa = PBXFileReference; lastKnownFileType = sourcecode.swift; path = ImagePicker.swift; sourceTree = "<group>"; };
		0076777A27FC418700B42A9B /* ImageManager.swift */ = {isa = PBXFileReference; lastKnownFileType = sourcecode.swift; path = ImageManager.swift; sourceTree = "<group>"; };
		0076777C27FC4B6300B42A9B /* UserService.swift */ = {isa = PBXFileReference; lastKnownFileType = sourcecode.swift; path = UserService.swift; sourceTree = "<group>"; };
		0076777E27FC4CF100B42A9B /* User.swift */ = {isa = PBXFileReference; lastKnownFileType = sourcecode.swift; path = User.swift; sourceTree = "<group>"; };
		009BADF627FDA15F007C031D /* TweetService.swift */ = {isa = PBXFileReference; lastKnownFileType = sourcecode.swift; path = TweetService.swift; sourceTree = "<group>"; };
		009BADF827FDA27F007C031D /* UploadTweetViewModel.swift */ = {isa = PBXFileReference; lastKnownFileType = sourcecode.swift; path = UploadTweetViewModel.swift; sourceTree = "<group>"; };
		009BADFA27FDA534007C031D /* FeedViewModel.swift */ = {isa = PBXFileReference; lastKnownFileType = sourcecode.swift; path = FeedViewModel.swift; sourceTree = "<group>"; };
		009BADFC27FDA625007C031D /* Tweet.swift */ = {isa = PBXFileReference; lastKnownFileType = sourcecode.swift; path = Tweet.swift; sourceTree = "<group>"; };
		00AB0C64280042C3003B7A39 /* ProfileViewModel.swift */ = {isa = PBXFileReference; lastKnownFileType = sourcecode.swift; path = ProfileViewModel.swift; sourceTree = "<group>"; };
		00BBADD527F6ED90007EF5C1 /* NewTweetView.swift */ = {isa = PBXFileReference; lastKnownFileType = sourcecode.swift; path = NewTweetView.swift; sourceTree = "<group>"; };
		00BBADD727F6EE66007EF5C1 /* TextArea.swift */ = {isa = PBXFileReference; lastKnownFileType = sourcecode.swift; path = TextArea.swift; sourceTree = "<group>"; };
		00BBADDC27F6F108007EF5C1 /* LoginView.swift */ = {isa = PBXFileReference; lastKnownFileType = sourcecode.swift; path = LoginView.swift; sourceTree = "<group>"; };
		00BBADDE27F6F10F007EF5C1 /* RegistrationView.swift */ = {isa = PBXFileReference; lastKnownFileType = sourcecode.swift; path = RegistrationView.swift; sourceTree = "<group>"; };
		00BBADE027F6F28B007EF5C1 /* RoundedShape.swift */ = {isa = PBXFileReference; lastKnownFileType = sourcecode.swift; path = RoundedShape.swift; sourceTree = "<group>"; };
		00BBADE227F6F753007EF5C1 /* TwitterTextField.swift */ = {isa = PBXFileReference; lastKnownFileType = sourcecode.swift; path = TwitterTextField.swift; sourceTree = "<group>"; };
		00BBADE527F6F919007EF5C1 /* AuthenticationHeaderView.swift */ = {isa = PBXFileReference; lastKnownFileType = sourcecode.swift; path = AuthenticationHeaderView.swift; sourceTree = "<group>"; };
		00BDF40827FD99E300DD1BAC /* ExploreViewModel.swift */ = {isa = PBXFileReference; lastKnownFileType = sourcecode.swift; path = ExploreViewModel.swift; sourceTree = "<group>"; };
		00BDF40A27FD9C5900DD1BAC /* SearchBar.swift */ = {isa = PBXFileReference; lastKnownFileType = sourcecode.swift; path = SearchBar.swift; sourceTree = "<group>"; };
/* End PBXFileReference section */

/* Begin PBXFrameworksBuildPhase section */
		0064862727F59081000EE8FF /* Frameworks */ = {
			isa = PBXFrameworksBuildPhase;
			buildActionMask = 2147483647;
			files = (
				003CF45727FAFCF400D7CDF7 /* FirebaseAuth in Frameworks */,
				003CF45927FAFCF400D7CDF7 /* FirebaseFirestoreSwift-Beta in Frameworks */,
				003CF45B27FAFCF400D7CDF7 /* FirebaseStorage in Frameworks */,
			);
			runOnlyForDeploymentPostprocessing = 0;
		};
/* End PBXFrameworksBuildPhase section */

/* Begin PBXGroup section */
		0064862127F59081000EE8FF = {
			isa = PBXGroup;
			children = (
				0064862C27F59081000EE8FF /* TwitterClone */,
				0064862B27F59081000EE8FF /* Products */,
			);
			sourceTree = "<group>";
		};
		0064862B27F59081000EE8FF /* Products */ = {
			isa = PBXGroup;
			children = (
				0064862A27F59081000EE8FF /* TwitterClone.app */,
			);
			name = Products;
			sourceTree = "<group>";
		};
		0064862C27F59081000EE8FF /* TwitterClone */ = {
			isa = PBXGroup;
			children = (
				003CF45327FAF78F00D7CDF7 /* GoogleService-Info.plist */,
				0064862F27F59081000EE8FF /* ContentView.swift */,
				0064862D27F59081000EE8FF /* TwitterCloneApp.swift */,
				0064863127F59083000EE8FF /* Assets.xcassets */,
				0064863E27F5909F000EE8FF /* Core */,
				0064863B27F59095000EE8FF /* Extensions */,
				0064863C27F59098000EE8FF /* Models */,
				0064863327F59083000EE8FF /* Preview Content */,
				0064863D27F5909B000EE8FF /* Services */,
				0076777527FC3A1300B42A9B /* Utils */,
			);
			path = TwitterClone;
			sourceTree = "<group>";
		};
		0064863327F59083000EE8FF /* Preview Content */ = {
			isa = PBXGroup;
			children = (
				0064863427F59083000EE8FF /* Preview Assets.xcassets */,
			);
			path = "Preview Content";
			sourceTree = "<group>";
		};
		0064863B27F59095000EE8FF /* Extensions */ = {
			isa = PBXGroup;
			children = (
			);
			path = Extensions;
			sourceTree = "<group>";
		};
		0064863C27F59098000EE8FF /* Models */ = {
			isa = PBXGroup;
			children = (
				0076777E27FC4CF100B42A9B /* User.swift */,
				009BADFC27FDA625007C031D /* Tweet.swift */,
			);
			path = Models;
			sourceTree = "<group>";
		};
		0064863D27F5909B000EE8FF /* Services */ = {
			isa = PBXGroup;
			children = (
				0076777A27FC418700B42A9B /* ImageManager.swift */,
				0076777C27FC4B6300B42A9B /* UserService.swift */,
				009BADF627FDA15F007C031D /* TweetService.swift */,
			);
			path = Services;
			sourceTree = "<group>";
		};
		0064863E27F5909F000EE8FF /* Core */ = {
			isa = PBXGroup;
			children = (
				00BBADD927F6F0ED007EF5C1 /* Authentication */,
				0064863F27F590A1000EE8FF /* Components */,
				0064864B27F5961E000EE8FF /* Explore */,
				0064864127F590AB000EE8FF /* Feed */,
				0064864827F59594000EE8FF /* MainTab */,
				0064864D27F59635000EE8FF /* Messages */,
				0064864C27F59630000EE8FF /* Notifications */,
				0064864E27F5963C000EE8FF /* Profile */,
				00702F5E27F5A3D90000AE78 /* SideMenu */,
				00BBADD227F6ED77007EF5C1 /* UploadTweet */,
			);
			path = Core;
			sourceTree = "<group>";
		};
		0064863F27F590A1000EE8FF /* Components */ = {
			isa = PBXGroup;
			children = (
				00BBADE027F6F28B007EF5C1 /* RoundedShape.swift */,
				00BDF40A27FD9C5900DD1BAC /* SearchBar.swift */,
				00BBADD727F6EE66007EF5C1 /* TextArea.swift */,
				00BBADE227F6F753007EF5C1 /* TwitterTextField.swift */,
				00BBADE427F6F90D007EF5C1 /* Authentication */,
				0064864027F590A5000EE8FF /* Tweets */,
				00702F5B27F5A1660000AE78 /* Users */,
			);
			path = Components;
			sourceTree = "<group>";
		};
		0064864027F590A5000EE8FF /* Tweets */ = {
			isa = PBXGroup;
			children = (
				0064864427F590FD000EE8FF /* TweetRowView.swift */,
			);
			path = Tweets;
			sourceTree = "<group>";
		};
		0064864127F590AB000EE8FF /* Feed */ = {
			isa = PBXGroup;
			children = (
				0064864327F590B5000EE8FF /* Views */,
				0064864227F590B1000EE8FF /* ViewModels */,
			);
			path = Feed;
			sourceTree = "<group>";
		};
		0064864227F590B1000EE8FF /* ViewModels */ = {
			isa = PBXGroup;
			children = (
				009BADFA27FDA534007C031D /* FeedViewModel.swift */,
			);
			path = ViewModels;
			sourceTree = "<group>";
		};
		0064864327F590B5000EE8FF /* Views */ = {
			isa = PBXGroup;
			children = (
				0064864627F5918D000EE8FF /* FeedView.swift */,
			);
			path = Views;
			sourceTree = "<group>";
		};
		0064864827F59594000EE8FF /* MainTab */ = {
			isa = PBXGroup;
			children = (
				0064864927F595A6000EE8FF /* MainTabView.swift */,
			);
			path = MainTab;
			sourceTree = "<group>";
		};
		0064864B27F5961E000EE8FF /* Explore */ = {
			isa = PBXGroup;
			children = (
				00702F5A27F5A1510000AE78 /* ViewModels */,
				00702F5927F5A14F0000AE78 /* Views */,
			);
			path = Explore;
			sourceTree = "<group>";
		};
		0064864C27F59630000EE8FF /* Notifications */ = {
			isa = PBXGroup;
			children = (
				0064865127F59670000EE8FF /* NotificationsView.swift */,
			);
			path = Notifications;
			sourceTree = "<group>";
		};
		0064864D27F59635000EE8FF /* Messages */ = {
			isa = PBXGroup;
			children = (
				0064865327F5967E000EE8FF /* MessagesView.swift */,
			);
			path = Messages;
			sourceTree = "<group>";
		};
		0064864E27F5963C000EE8FF /* Profile */ = {
			isa = PBXGroup;
			children = (
				0064865627F5972A000EE8FF /* Views */,
				0064865527F59721000EE8FF /* ViewModels */,
			);
			path = Profile;
			sourceTree = "<group>";
		};
		0064865527F59721000EE8FF /* ViewModels */ = {
			isa = PBXGroup;
			children = (
				0064865927F59C90000EE8FF /* TweetFilterViewModel.swift */,
				00AB0C64280042C3003B7A39 /* ProfileViewModel.swift */,
			);
			path = ViewModels;
			sourceTree = "<group>";
		};
		0064865627F5972A000EE8FF /* Views */ = {
			isa = PBXGroup;
			children = (
				0064865727F59733000EE8FF /* ProfileView.swift */,
			);
			path = Views;
			sourceTree = "<group>";
		};
		00702F5927F5A14F0000AE78 /* Views */ = {
			isa = PBXGroup;
			children = (
				0064864F27F5965A000EE8FF /* ExploreView.swift */,
			);
			path = Views;
			sourceTree = "<group>";
		};
		00702F5A27F5A1510000AE78 /* ViewModels */ = {
			isa = PBXGroup;
			children = (
				00BDF40827FD99E300DD1BAC /* ExploreViewModel.swift */,
			);
			path = ViewModels;
			sourceTree = "<group>";
		};
		00702F5B27F5A1660000AE78 /* Users */ = {
			isa = PBXGroup;
			children = (
				00702F5C27F5A1730000AE78 /* UserRowView.swift */,
				00702F6727F5A58A0000AE78 /* UserStatsView.swift */,
			);
			path = Users;
			sourceTree = "<group>";
		};
		00702F5E27F5A3D90000AE78 /* SideMenu */ = {
			isa = PBXGroup;
			children = (
				00702F5F27F5A3E40000AE78 /* ViewModels */,
				00702F6027F5A3E70000AE78 /* Views */,
			);
			path = SideMenu;
			sourceTree = "<group>";
		};
		00702F5F27F5A3E40000AE78 /* ViewModels */ = {
			isa = PBXGroup;
			children = (
				00702F6527F5A4140000AE78 /* SideMenuViewModel.swift */,
			);
			path = ViewModels;
			sourceTree = "<group>";
		};
		00702F6027F5A3E70000AE78 /* Views */ = {
			isa = PBXGroup;
			children = (
				00702F6127F5A3F40000AE78 /* SideMenuView.swift */,
				00702F6327F5A4000000AE78 /* SideMenuRowView.swift */,
			);
			path = Views;
			sourceTree = "<group>";
		};
		0076777527FC3A1300B42A9B /* Utils */ = {
			isa = PBXGroup;
			children = (
				0076777627FC3A2100B42A9B /* ImagePicker.swift */,
			);
			path = Utils;
			sourceTree = "<group>";
		};
		00BBADD227F6ED77007EF5C1 /* UploadTweet */ = {
			isa = PBXGroup;
			children = (
				00BBADD427F6ED85007EF5C1 /* Views */,
				00BBADD327F6ED7F007EF5C1 /* ViewModels */,
			);
			path = UploadTweet;
			sourceTree = "<group>";
		};
		00BBADD327F6ED7F007EF5C1 /* ViewModels */ = {
			isa = PBXGroup;
			children = (
				009BADF827FDA27F007C031D /* UploadTweetViewModel.swift */,
			);
			path = ViewModels;
			sourceTree = "<group>";
		};
		00BBADD427F6ED85007EF5C1 /* Views */ = {
			isa = PBXGroup;
			children = (
				00BBADD527F6ED90007EF5C1 /* NewTweetView.swift */,
			);
			path = Views;
			sourceTree = "<group>";
		};
		00BBADD927F6F0ED007EF5C1 /* Authentication */ = {
			isa = PBXGroup;
			children = (
				00BBADDA27F6F0F3007EF5C1 /* ViewModels */,
				00BBADDB27F6F0F6007EF5C1 /* Views */,
			);
			path = Authentication;
			sourceTree = "<group>";
		};
		00BBADDA27F6F0F3007EF5C1 /* ViewModels */ = {
			isa = PBXGroup;
			children = (
				003CF45C27FAFE8300D7CDF7 /* AuthViewModel.swift */,
			);
			path = ViewModels;
			sourceTree = "<group>";
		};
		00BBADDB27F6F0F6007EF5C1 /* Views */ = {
			isa = PBXGroup;
			children = (
				00BBADDC27F6F108007EF5C1 /* LoginView.swift */,
				003CF45E27FB096100D7CDF7 /* ProfilePhotoSelectorView.swift */,
				00BBADDE27F6F10F007EF5C1 /* RegistrationView.swift */,
			);
			path = Views;
			sourceTree = "<group>";
		};
		00BBADE427F6F90D007EF5C1 /* Authentication */ = {
			isa = PBXGroup;
			children = (
				00BBADE527F6F919007EF5C1 /* AuthenticationHeaderView.swift */,
			);
			path = Authentication;
			sourceTree = "<group>";
		};
/* End PBXGroup section */

/* Begin PBXNativeTarget section */
		0064862927F59081000EE8FF /* TwitterClone */ = {
			isa = PBXNativeTarget;
			buildConfigurationList = 0064863827F59083000EE8FF /* Build configuration list for PBXNativeTarget "TwitterClone" */;
			buildPhases = (
				0064862627F59081000EE8FF /* Sources */,
				0064862727F59081000EE8FF /* Frameworks */,
				0064862827F59081000EE8FF /* Resources */,
			);
			buildRules = (
			);
			dependencies = (
			);
			name = TwitterClone;
			packageProductDependencies = (
				003CF45627FAFCF400D7CDF7 /* FirebaseAuth */,
				003CF45827FAFCF400D7CDF7 /* FirebaseFirestoreSwift-Beta */,
				003CF45A27FAFCF400D7CDF7 /* FirebaseStorage */,
			);
			productName = TwitterClone;
			productReference = 0064862A27F59081000EE8FF /* TwitterClone.app */;
			productType = "com.apple.product-type.application";
		};
/* End PBXNativeTarget section */

/* Begin PBXProject section */
		0064862227F59081000EE8FF /* Project object */ = {
			isa = PBXProject;
			attributes = {
				BuildIndependentTargetsInParallel = 1;
				LastSwiftUpdateCheck = 1330;
				LastUpgradeCheck = 1330;
				TargetAttributes = {
					0064862927F59081000EE8FF = {
						CreatedOnToolsVersion = 13.3;
					};
				};
			};
			buildConfigurationList = 0064862527F59081000EE8FF /* Build configuration list for PBXProject "TwitterClone" */;
			compatibilityVersion = "Xcode 13.0";
			developmentRegion = en;
			hasScannedForEncodings = 0;
			knownRegions = (
				en,
				Base,
			);
			mainGroup = 0064862127F59081000EE8FF;
			packageReferences = (
				003CF45527FAFCF400D7CDF7 /* XCRemoteSwiftPackageReference "firebase-ios-sdk" */,
			);
			productRefGroup = 0064862B27F59081000EE8FF /* Products */;
			projectDirPath = "";
			projectRoot = "";
			targets = (
				0064862927F59081000EE8FF /* TwitterClone */,
			);
		};
/* End PBXProject section */

/* Begin PBXResourcesBuildPhase section */
		0064862827F59081000EE8FF /* Resources */ = {
			isa = PBXResourcesBuildPhase;
			buildActionMask = 2147483647;
			files = (
				0064863527F59083000EE8FF /* Preview Assets.xcassets in Resources */,
				0064863227F59083000EE8FF /* Assets.xcassets in Resources */,
				003CF45427FAF78F00D7CDF7 /* GoogleService-Info.plist in Resources */,
			);
			runOnlyForDeploymentPostprocessing = 0;
		};
/* End PBXResourcesBuildPhase section */

/* Begin PBXSourcesBuildPhase section */
		0064862627F59081000EE8FF /* Sources */ = {
			isa = PBXSourcesBuildPhase;
			buildActionMask = 2147483647;
			files = (
				0064865427F5967E000EE8FF /* MessagesView.swift in Sources */,
				0064865827F59733000EE8FF /* ProfileView.swift in Sources */,
				0076777D27FC4B6300B42A9B /* UserService.swift in Sources */,
				0076777727FC3A2100B42A9B /* ImagePicker.swift in Sources */,
				0064864727F5918D000EE8FF /* FeedView.swift in Sources */,
				009BADFD27FDA625007C031D /* Tweet.swift in Sources */,
				009BADFB27FDA534007C031D /* FeedViewModel.swift in Sources */,
				00702F6427F5A4000000AE78 /* SideMenuRowView.swift in Sources */,
				0064863027F59081000EE8FF /* ContentView.swift in Sources */,
				0064865A27F59C90000EE8FF /* TweetFilterViewModel.swift in Sources */,
				0064862E27F59081000EE8FF /* TwitterCloneApp.swift in Sources */,
				00BBADE627F6F919007EF5C1 /* AuthenticationHeaderView.swift in Sources */,
				00702F6227F5A3F40000AE78 /* SideMenuView.swift in Sources */,
				0064864527F590FD000EE8FF /* TweetRowView.swift in Sources */,
				00BDF40927FD99E300DD1BAC /* ExploreViewModel.swift in Sources */,
				0064865027F5965A000EE8FF /* ExploreView.swift in Sources */,
				00BBADD827F6EE66007EF5C1 /* TextArea.swift in Sources */,
				009BADF927FDA27F007C031D /* UploadTweetViewModel.swift in Sources */,
				009BADF727FDA15F007C031D /* TweetService.swift in Sources */,
				00702F6627F5A4140000AE78 /* SideMenuViewModel.swift in Sources */,
				00BBADDD27F6F108007EF5C1 /* LoginView.swift in Sources */,
				00BDF40B27FD9C5900DD1BAC /* SearchBar.swift in Sources */,
				00BBADDF27F6F10F007EF5C1 /* RegistrationView.swift in Sources */,
				00BBADD627F6ED90007EF5C1 /* NewTweetView.swift in Sources */,
				003CF45F27FB096100D7CDF7 /* ProfilePhotoSelectorView.swift in Sources */,
				00BBADE127F6F28B007EF5C1 /* RoundedShape.swift in Sources */,
				0076777F27FC4CF100B42A9B /* User.swift in Sources */,
				003CF45D27FAFE8300D7CDF7 /* AuthViewModel.swift in Sources */,
				00702F5D27F5A1730000AE78 /* UserRowView.swift in Sources */,
				0064864A27F595A6000EE8FF /* MainTabView.swift in Sources */,
				0064865227F59670000EE8FF /* NotificationsView.swift in Sources */,
				00702F6827F5A58A0000AE78 /* UserStatsView.swift in Sources */,
				00BBADE327F6F753007EF5C1 /* TwitterTextField.swift in Sources */,
				0076777B27FC418700B42A9B /* ImageManager.swift in Sources */,
				00AB0C65280042C3003B7A39 /* ProfileViewModel.swift in Sources */,
			);
			runOnlyForDeploymentPostprocessing = 0;
		};
/* End PBXSourcesBuildPhase section */

/* Begin XCBuildConfiguration section */
		0064863627F59083000EE8FF /* Debug */ = {
			isa = XCBuildConfiguration;
			buildSettings = {
				ALWAYS_SEARCH_USER_PATHS = NO;
				CLANG_ANALYZER_NONNULL = YES;
				CLANG_ANALYZER_NUMBER_OBJECT_CONVERSION = YES_AGGRESSIVE;
				CLANG_CXX_LANGUAGE_STANDARD = "gnu++17";
				CLANG_ENABLE_MODULES = YES;
				CLANG_ENABLE_OBJC_ARC = YES;
				CLANG_ENABLE_OBJC_WEAK = YES;
				CLANG_WARN_BLOCK_CAPTURE_AUTORELEASING = YES;
				CLANG_WARN_BOOL_CONVERSION = YES;
				CLANG_WARN_COMMA = YES;
				CLANG_WARN_CONSTANT_CONVERSION = YES;
				CLANG_WARN_DEPRECATED_OBJC_IMPLEMENTATIONS = YES;
				CLANG_WARN_DIRECT_OBJC_ISA_USAGE = YES_ERROR;
				CLANG_WARN_DOCUMENTATION_COMMENTS = YES;
				CLANG_WARN_EMPTY_BODY = YES;
				CLANG_WARN_ENUM_CONVERSION = YES;
				CLANG_WARN_INFINITE_RECURSION = YES;
				CLANG_WARN_INT_CONVERSION = YES;
				CLANG_WARN_NON_LITERAL_NULL_CONVERSION = YES;
				CLANG_WARN_OBJC_IMPLICIT_RETAIN_SELF = YES;
				CLANG_WARN_OBJC_LITERAL_CONVERSION = YES;
				CLANG_WARN_OBJC_ROOT_CLASS = YES_ERROR;
				CLANG_WARN_QUOTED_INCLUDE_IN_FRAMEWORK_HEADER = YES;
				CLANG_WARN_RANGE_LOOP_ANALYSIS = YES;
				CLANG_WARN_STRICT_PROTOTYPES = YES;
				CLANG_WARN_SUSPICIOUS_MOVE = YES;
				CLANG_WARN_UNGUARDED_AVAILABILITY = YES_AGGRESSIVE;
				CLANG_WARN_UNREACHABLE_CODE = YES;
				CLANG_WARN__DUPLICATE_METHOD_MATCH = YES;
				COPY_PHASE_STRIP = NO;
				DEBUG_INFORMATION_FORMAT = dwarf;
				ENABLE_STRICT_OBJC_MSGSEND = YES;
				ENABLE_TESTABILITY = YES;
				GCC_C_LANGUAGE_STANDARD = gnu11;
				GCC_DYNAMIC_NO_PIC = NO;
				GCC_NO_COMMON_BLOCKS = YES;
				GCC_OPTIMIZATION_LEVEL = 0;
				GCC_PREPROCESSOR_DEFINITIONS = (
					"DEBUG=1",
					"$(inherited)",
				);
				GCC_WARN_64_TO_32_BIT_CONVERSION = YES;
				GCC_WARN_ABOUT_RETURN_TYPE = YES_ERROR;
				GCC_WARN_UNDECLARED_SELECTOR = YES;
				GCC_WARN_UNINITIALIZED_AUTOS = YES_AGGRESSIVE;
				GCC_WARN_UNUSED_FUNCTION = YES;
				GCC_WARN_UNUSED_VARIABLE = YES;
				IPHONEOS_DEPLOYMENT_TARGET = 15.4;
				MTL_ENABLE_DEBUG_INFO = INCLUDE_SOURCE;
				MTL_FAST_MATH = YES;
				ONLY_ACTIVE_ARCH = YES;
				SDKROOT = iphoneos;
				SWIFT_ACTIVE_COMPILATION_CONDITIONS = DEBUG;
				SWIFT_OPTIMIZATION_LEVEL = "-Onone";
			};
			name = Debug;
		};
		0064863727F59083000EE8FF /* Release */ = {
			isa = XCBuildConfiguration;
			buildSettings = {
				ALWAYS_SEARCH_USER_PATHS = NO;
				CLANG_ANALYZER_NONNULL = YES;
				CLANG_ANALYZER_NUMBER_OBJECT_CONVERSION = YES_AGGRESSIVE;
				CLANG_CXX_LANGUAGE_STANDARD = "gnu++17";
				CLANG_ENABLE_MODULES = YES;
				CLANG_ENABLE_OBJC_ARC = YES;
				CLANG_ENABLE_OBJC_WEAK = YES;
				CLANG_WARN_BLOCK_CAPTURE_AUTORELEASING = YES;
				CLANG_WARN_BOOL_CONVERSION = YES;
				CLANG_WARN_COMMA = YES;
				CLANG_WARN_CONSTANT_CONVERSION = YES;
				CLANG_WARN_DEPRECATED_OBJC_IMPLEMENTATIONS = YES;
				CLANG_WARN_DIRECT_OBJC_ISA_USAGE = YES_ERROR;
				CLANG_WARN_DOCUMENTATION_COMMENTS = YES;
				CLANG_WARN_EMPTY_BODY = YES;
				CLANG_WARN_ENUM_CONVERSION = YES;
				CLANG_WARN_INFINITE_RECURSION = YES;
				CLANG_WARN_INT_CONVERSION = YES;
				CLANG_WARN_NON_LITERAL_NULL_CONVERSION = YES;
				CLANG_WARN_OBJC_IMPLICIT_RETAIN_SELF = YES;
				CLANG_WARN_OBJC_LITERAL_CONVERSION = YES;
				CLANG_WARN_OBJC_ROOT_CLASS = YES_ERROR;
				CLANG_WARN_QUOTED_INCLUDE_IN_FRAMEWORK_HEADER = YES;
				CLANG_WARN_RANGE_LOOP_ANALYSIS = YES;
				CLANG_WARN_STRICT_PROTOTYPES = YES;
				CLANG_WARN_SUSPICIOUS_MOVE = YES;
				CLANG_WARN_UNGUARDED_AVAILABILITY = YES_AGGRESSIVE;
				CLANG_WARN_UNREACHABLE_CODE = YES;
				CLANG_WARN__DUPLICATE_METHOD_MATCH = YES;
				COPY_PHASE_STRIP = NO;
				DEBUG_INFORMATION_FORMAT = "dwarf-with-dsym";
				ENABLE_NS_ASSERTIONS = NO;
				ENABLE_STRICT_OBJC_MSGSEND = YES;
				GCC_C_LANGUAGE_STANDARD = gnu11;
				GCC_NO_COMMON_BLOCKS = YES;
				GCC_WARN_64_TO_32_BIT_CONVERSION = YES;
				GCC_WARN_ABOUT_RETURN_TYPE = YES_ERROR;
				GCC_WARN_UNDECLARED_SELECTOR = YES;
				GCC_WARN_UNINITIALIZED_AUTOS = YES_AGGRESSIVE;
				GCC_WARN_UNUSED_FUNCTION = YES;
				GCC_WARN_UNUSED_VARIABLE = YES;
				IPHONEOS_DEPLOYMENT_TARGET = 15.4;
				MTL_ENABLE_DEBUG_INFO = NO;
				MTL_FAST_MATH = YES;
				SDKROOT = iphoneos;
				SWIFT_COMPILATION_MODE = wholemodule;
				SWIFT_OPTIMIZATION_LEVEL = "-O";
				VALIDATE_PRODUCT = YES;
			};
			name = Release;
		};
		0064863927F59083000EE8FF /* Debug */ = {
			isa = XCBuildConfiguration;
			buildSettings = {
				ASSETCATALOG_COMPILER_APPICON_NAME = AppIcon;
				ASSETCATALOG_COMPILER_GLOBAL_ACCENT_COLOR_NAME = AccentColor;
				CODE_SIGN_STYLE = Automatic;
				CURRENT_PROJECT_VERSION = 1;
				DEVELOPMENT_ASSET_PATHS = "\"TwitterClone/Preview Content\"";
				DEVELOPMENT_TEAM = QH7853B55W;
				ENABLE_PREVIEWS = YES;
				GENERATE_INFOPLIST_FILE = YES;
				INFOPLIST_KEY_UIApplicationSceneManifest_Generation = YES;
				INFOPLIST_KEY_UIApplicationSupportsIndirectInputEvents = YES;
				INFOPLIST_KEY_UILaunchScreen_Generation = YES;
				INFOPLIST_KEY_UISupportedInterfaceOrientations_iPad = "UIInterfaceOrientationPortrait UIInterfaceOrientationPortraitUpsideDown UIInterfaceOrientationLandscapeLeft UIInterfaceOrientationLandscapeRight";
				INFOPLIST_KEY_UISupportedInterfaceOrientations_iPhone = "UIInterfaceOrientationPortrait UIInterfaceOrientationLandscapeLeft UIInterfaceOrientationLandscapeRight";
				LD_RUNPATH_SEARCH_PATHS = (
					"$(inherited)",
					"@executable_path/Frameworks",
				);
				MARKETING_VERSION = 1.0;
				PRODUCT_BUNDLE_IDENTIFIER = dev.aybarsacar.TwitterClone;
				PRODUCT_NAME = "$(TARGET_NAME)";
				SWIFT_EMIT_LOC_STRINGS = YES;
				SWIFT_VERSION = 5.0;
				TARGETED_DEVICE_FAMILY = "1,2";
			};
			name = Debug;
		};
		0064863A27F59083000EE8FF /* Release */ = {
			isa = XCBuildConfiguration;
			buildSettings = {
				ASSETCATALOG_COMPILER_APPICON_NAME = AppIcon;
				ASSETCATALOG_COMPILER_GLOBAL_ACCENT_COLOR_NAME = AccentColor;
				CODE_SIGN_STYLE = Automatic;
				CURRENT_PROJECT_VERSION = 1;
				DEVELOPMENT_ASSET_PATHS = "\"TwitterClone/Preview Content\"";
				DEVELOPMENT_TEAM = QH7853B55W;
				ENABLE_PREVIEWS = YES;
				GENERATE_INFOPLIST_FILE = YES;
				INFOPLIST_KEY_UIApplicationSceneManifest_Generation = YES;
				INFOPLIST_KEY_UIApplicationSupportsIndirectInputEvents = YES;
				INFOPLIST_KEY_UILaunchScreen_Generation = YES;
				INFOPLIST_KEY_UISupportedInterfaceOrientations_iPad = "UIInterfaceOrientationPortrait UIInterfaceOrientationPortraitUpsideDown UIInterfaceOrientationLandscapeLeft UIInterfaceOrientationLandscapeRight";
				INFOPLIST_KEY_UISupportedInterfaceOrientations_iPhone = "UIInterfaceOrientationPortrait UIInterfaceOrientationLandscapeLeft UIInterfaceOrientationLandscapeRight";
				LD_RUNPATH_SEARCH_PATHS = (
					"$(inherited)",
					"@executable_path/Frameworks",
				);
				MARKETING_VERSION = 1.0;
				PRODUCT_BUNDLE_IDENTIFIER = dev.aybarsacar.TwitterClone;
				PRODUCT_NAME = "$(TARGET_NAME)";
				SWIFT_EMIT_LOC_STRINGS = YES;
				SWIFT_VERSION = 5.0;
				TARGETED_DEVICE_FAMILY = "1,2";
			};
			name = Release;
		};
/* End XCBuildConfiguration section */

/* Begin XCConfigurationList section */
		0064862527F59081000EE8FF /* Build configuration list for PBXProject "TwitterClone" */ = {
			isa = XCConfigurationList;
			buildConfigurations = (
				0064863627F59083000EE8FF /* Debug */,
				0064863727F59083000EE8FF /* Release */,
			);
			defaultConfigurationIsVisible = 0;
			defaultConfigurationName = Release;
		};
		0064863827F59083000EE8FF /* Build configuration list for PBXNativeTarget "TwitterClone" */ = {
			isa = XCConfigurationList;
			buildConfigurations = (
				0064863927F59083000EE8FF /* Debug */,
				0064863A27F59083000EE8FF /* Release */,
			);
			defaultConfigurationIsVisible = 0;
			defaultConfigurationName = Release;
		};
/* End XCConfigurationList section */

/* Begin XCRemoteSwiftPackageReference section */
		003CF45527FAFCF400D7CDF7 /* XCRemoteSwiftPackageReference "firebase-ios-sdk" */ = {
			isa = XCRemoteSwiftPackageReference;
			repositoryURL = "https://github.com/firebase/firebase-ios-sdk";
			requirement = {
				kind = upToNextMajorVersion;
				minimumVersion = 8.0.0;
			};
		};
/* End XCRemoteSwiftPackageReference section */

/* Begin XCSwiftPackageProductDependency section */
		003CF45627FAFCF400D7CDF7 /* FirebaseAuth */ = {
			isa = XCSwiftPackageProductDependency;
			package = 003CF45527FAFCF400D7CDF7 /* XCRemoteSwiftPackageReference "firebase-ios-sdk" */;
			productName = FirebaseAuth;
		};
		003CF45827FAFCF400D7CDF7 /* FirebaseFirestoreSwift-Beta */ = {
			isa = XCSwiftPackageProductDependency;
			package = 003CF45527FAFCF400D7CDF7 /* XCRemoteSwiftPackageReference "firebase-ios-sdk" */;
			productName = "FirebaseFirestoreSwift-Beta";
		};
		003CF45A27FAFCF400D7CDF7 /* FirebaseStorage */ = {
			isa = XCSwiftPackageProductDependency;
			package = 003CF45527FAFCF400D7CDF7 /* XCRemoteSwiftPackageReference "firebase-ios-sdk" */;
			productName = FirebaseStorage;
		};
/* End XCSwiftPackageProductDependency section */
	};
	rootObject = 0064862227F59081000EE8FF /* Project object */;
}
